{"format_version":"1.2","terraform_version":"1.5.6","variables":{"env":{"value":"Dev"},"region":{"value":"us-west-2"}},"planned_values":{"outputs":{"s3-name":{"sensitive":false}},"root_module":{"resources":[{"address":"aws_kms_key.my_key","mode":"managed","type":"aws_kms_key","name":"my_key","provider_name":"registry.terraform.io/hashicorp/aws","schema_version":0,"values":{"bypass_policy_lockout_safety_check":false,"custom_key_store_id":null,"customer_master_key_spec":"SYMMETRIC_DEFAULT","deletion_window_in_days":10,"description":"This key is used to encrypt bucket objects","enable_key_rotation":false,"is_enabled":true,"key_usage":"ENCRYPT_DECRYPT","tags":null},"sensitive_values":{"tags_all":{}}},{"address":"aws_s3_bucket.backend","mode":"managed","type":"aws_s3_bucket","name":"backend","provider_name":"registry.terraform.io/hashicorp/aws","schema_version":0,"values":{"force_destroy":false,"tags":{"Environment":"Dev","Name":"My backend"},"tags_all":{"Environment":"Dev","Name":"My backend"},"timeouts":null},"sensitive_values":{"cors_rule":[],"grant":[],"lifecycle_rule":[],"logging":[],"object_lock_configuration":[],"replication_configuration":[],"server_side_encryption_configuration":[],"tags":{},"tags_all":{},"versioning":[],"website":[]}},{"address":"aws_s3_bucket_server_side_encryption_configuration.example","mode":"managed","type":"aws_s3_bucket_server_side_encryption_configuration","name":"example","provider_name":"registry.terraform.io/hashicorp/aws","schema_version":0,"values":{"expected_bucket_owner":null,"rule":[{"apply_server_side_encryption_by_default":[{"sse_algorithm":"aws:kms"}],"bucket_key_enabled":null}]},"sensitive_values":{"rule":[{"apply_server_side_encryption_by_default":[{}]}]}},{"address":"random_integer.backend","mode":"managed","type":"random_integer","name":"backend","provider_name":"registry.terraform.io/hashicorp/random","schema_version":0,"values":{"keepers":{"Environment":"Dev"},"max":100,"min":1,"seed":null},"sensitive_values":{"keepers":{}}}]}},"resource_changes":[{"address":"aws_kms_key.my_key","mode":"managed","type":"aws_kms_key","name":"my_key","provider_name":"registry.terraform.io/hashicorp/aws","change":{"actions":["create"],"before":null,"after":{"bypass_policy_lockout_safety_check":false,"custom_key_store_id":null,"customer_master_key_spec":"SYMMETRIC_DEFAULT","deletion_window_in_days":10,"description":"This key is used to encrypt bucket objects","enable_key_rotation":false,"is_enabled":true,"key_usage":"ENCRYPT_DECRYPT","tags":null},"after_unknown":{"arn":true,"id":true,"key_id":true,"multi_region":true,"policy":true,"tags_all":true},"before_sensitive":false,"after_sensitive":{"tags_all":{}}}},{"address":"aws_s3_bucket.backend","mode":"managed","type":"aws_s3_bucket","name":"backend","provider_name":"registry.terraform.io/hashicorp/aws","change":{"actions":["create"],"before":null,"after":{"force_destroy":false,"tags":{"Environment":"Dev","Name":"My backend"},"tags_all":{"Environment":"Dev","Name":"My backend"},"timeouts":null},"after_unknown":{"acceleration_status":true,"acl":true,"arn":true,"bucket":true,"bucket_domain_name":true,"bucket_prefix":true,"bucket_regional_domain_name":true,"cors_rule":true,"grant":true,"hosted_zone_id":true,"id":true,"lifecycle_rule":true,"logging":true,"object_lock_configuration":true,"object_lock_enabled":true,"policy":true,"region":true,"replication_configuration":true,"request_payer":true,"server_side_encryption_configuration":true,"tags":{},"tags_all":{},"versioning":true,"website":true,"website_domain":true,"website_endpoint":true},"before_sensitive":false,"after_sensitive":{"cors_rule":[],"grant":[],"lifecycle_rule":[],"logging":[],"object_lock_configuration":[],"replication_configuration":[],"server_side_encryption_configuration":[],"tags":{},"tags_all":{},"versioning":[],"website":[]}}},{"address":"aws_s3_bucket_server_side_encryption_configuration.example","mode":"managed","type":"aws_s3_bucket_server_side_encryption_configuration","name":"example","provider_name":"registry.terraform.io/hashicorp/aws","change":{"actions":["create"],"before":null,"after":{"expected_bucket_owner":null,"rule":[{"apply_server_side_encryption_by_default":[{"sse_algorithm":"aws:kms"}],"bucket_key_enabled":null}]},"after_unknown":{"bucket":true,"id":true,"rule":[{"apply_server_side_encryption_by_default":[{"kms_master_key_id":true}]}]},"before_sensitive":false,"after_sensitive":{"rule":[{"apply_server_side_encryption_by_default":[{}]}]}}},{"address":"random_integer.backend","mode":"managed","type":"random_integer","name":"backend","provider_name":"registry.terraform.io/hashicorp/random","change":{"actions":["create"],"before":null,"after":{"keepers":{"Environment":"Dev"},"max":100,"min":1,"seed":null},"after_unknown":{"id":true,"keepers":{},"result":true},"before_sensitive":false,"after_sensitive":{"keepers":{}}}}],"output_changes":{"s3-name":{"actions":["create"],"before":null,"after_unknown":true,"before_sensitive":false,"after_sensitive":false}},"configuration":{"provider_config":{"aws":{"name":"aws","full_name":"registry.terraform.io/hashicorp/aws","expressions":{"region":{"references":["var.region"]}}},"random":{"name":"random","full_name":"registry.terraform.io/hashicorp/random"}},"root_module":{"outputs":{"s3-name":{"expression":{"references":["aws_s3_bucket.backend.bucket","aws_s3_bucket.backend"]}}},"resources":[{"address":"aws_kms_key.my_key","mode":"managed","type":"aws_kms_key","name":"my_key","provider_config_key":"aws","expressions":{"deletion_window_in_days":{"constant_value":10},"description":{"constant_value":"This key is used to encrypt bucket objects"}},"schema_version":0},{"address":"aws_s3_bucket.backend","mode":"managed","type":"aws_s3_bucket","name":"backend","provider_config_key":"aws","expressions":{"bucket":{"references":["var.env","random_integer.backend.result","random_integer.backend"]},"tags":{"constant_value":{"Environment":"Dev","Name":"My backend"}}},"schema_version":0},{"address":"aws_s3_bucket_server_side_encryption_configuration.example","mode":"managed","type":"aws_s3_bucket_server_side_encryption_configuration","name":"example","provider_config_key":"aws","expressions":{"bucket":{"references":["aws_s3_bucket.backend.id","aws_s3_bucket.backend"]},"rule":[{"apply_server_side_encryption_by_default":[{"kms_master_key_id":{"references":["aws_kms_key.my_key.arn","aws_kms_key.my_key"]},"sse_algorithm":{"constant_value":"aws:kms"}}]}]},"schema_version":0},{"address":"random_integer.backend","mode":"managed","type":"random_integer","name":"backend","provider_config_key":"random","expressions":{"keepers":{"references":["var.env"]},"max":{"constant_value":100},"min":{"constant_value":1}},"schema_version":0}],"variables":{"env":{"default":"Dev"},"region":{"default":"us-west-2"}}}},"relevant_attributes":[{"resource":"aws_s3_bucket.backend","attribute":["id"]},{"resource":"aws_kms_key.my_key","attribute":["arn"]},{"resource":"aws_s3_bucket.backend","attribute":["bucket"]},{"resource":"random_integer.backend","attribute":["result"]}],"timestamp":"2023-10-03T04:34:56Z"}
